
Microsoft Visual Studio Solution File, Format Version 12.00
# Visual Studio Version 16
VisualStudioVersion = 16.0.30711.63
MinimumVisualStudioVersion = 10.0.40219.1
Project("{FAE04EC0-301F-11D3-BF4B-00C04F79EFBC}") = "DB", "DB\DB.csproj", "{B06D03BC-4FAC-44F4-890D-78808C192E1B}"
EndProject
Global
	GlobalSection(SolutionConfigurationPlatforms) = preSolution
		Debug|Any CPU = Debug|Any CPU
		Release|Any CPU = Release|Any CPU
	EndGlobalSection
	GlobalSection(ProjectConfigurationPlatforms) = postSolution
		{B06D03BC-4FAC-44F4-890D-78808C192E1B}.Debug|Any CPU.ActiveCfg = Debug|Any CPU
		{B06D03BC-4FAC-44F4-890D-78808C192E1B}.Debug|Any CPU.Build.0 = Debug|Any CPU
		{B06D03BC-4FAC-44F4-890D-78808C192E1B}.Release|Any CPU.ActiveCfg = Release|Any CPU
		{B06D03BC-4FAC-44F4-890D-78808C192E1B}.Release|Any CPU.Build.0 = Release|Any CPU
	EndGlobalSection
	GlobalSection(SolutionProperties) = preSolution
		HideSolutionNode = FALSE
	EndGlobalSection
	GlobalSection(ExtensibilityGlobals) = postSolution
		SolutionGuid = {5B14A49E-F8C0-410D-A10E-02B84C8C0B5A}
	EndGlobalSection
EndGlobal
